Microsoft Visual Studio Solution File, Format Version 11.00
# Visual Studio 2008

Project("{5EC5F17D-1186-9675-D8B5-A4C63CF8CDC1}") = "JellyProject", "Assembly-CSharp.csproj", "{D27B7A5C-84BD-B79F-A547-14FF400AA98C}"
EndProject
Project("{5EC5F17D-1186-9675-D8B5-A4C63CF8CDC1}") = "JellyProject", "Assembly-CSharp-Editor.csproj", "{CC0AE228-94E2-0612-C510-B9C87A894A84}"
EndProject
Global
	GlobalSection(SolutionConfigurationPlatforms) = preSolution
		Debug|Any CPU = Debug|Any CPU
		Release|Any CPU = Release|Any CPU
	EndGlobalSection
	GlobalSection(ProjectConfigurationPlatforms) = postSolution
		{D27B7A5C-84BD-B79F-A547-14FF400AA98C}.Debug|Any CPU.ActiveCfg = Debug|Any CPU
		{D27B7A5C-84BD-B79F-A547-14FF400AA98C}.Debug|Any CPU.Build.0 = Debug|Any CPU
		{D27B7A5C-84BD-B79F-A547-14FF400AA98C}.Release|Any CPU.ActiveCfg = Release|Any CPU
		{D27B7A5C-84BD-B79F-A547-14FF400AA98C}.Release|Any CPU.Build.0 = Release|Any CPU
		{CC0AE228-94E2-0612-C510-B9C87A894A84}.Debug|Any CPU.ActiveCfg = Debug|Any CPU
		{CC0AE228-94E2-0612-C510-B9C87A894A84}.Debug|Any CPU.Build.0 = Debug|Any CPU
		{CC0AE228-94E2-0612-C510-B9C87A894A84}.Release|Any CPU.ActiveCfg = Release|Any CPU
		{CC0AE228-94E2-0612-C510-B9C87A894A84}.Release|Any CPU.Build.0 = Release|Any CPU
	EndGlobalSection
	GlobalSection(SolutionProperties) = preSolution
		HideSolutionNode = FALSE
	EndGlobalSection
										GlobalSection(MonoDevelopProperties) = preSolution
		StartupItem = Assembly-CSharp.csproj
		Policies = $0
		$0.TextStylePolicy = $1
		$1.inheritsSet = null
		$1.scope = text/x-csharp
		$0.CSharpFormattingPolicy = $2
		$2.inheritsSet = Mono
		$2.inheritsScope = text/x-csharp
		$2.scope = text/x-csharp
		$0.TextStylePolicy = $3
		$3.FileWidth = 120
		$3.EolMarker = Unix
		$3.inheritsSet = VisualStudio
		$3.inheritsScope = text/plain
		$3.scope = text/plain
	EndGlobalSection

EndGlobal
